
Microsoft Visual Studio Solution File, Format Version 12.00
# Visual Studio 15
Project("{FAE04EC0-301F-11D3-BF4B-00C04F79EFBC}") = "Unity.Timeline", "Unity.Timeline.csproj", "{236E305C-7475-F71F-A0F3-165C727D566B}"
EndProject
Project("{FAE04EC0-301F-11D3-BF4B-00C04F79EFBC}") = "Unity.Timeline.Editor", "Unity.Timeline.Editor.csproj", "{D248F1F6-2F2A-A6B8-3515-F620E2B6D09A}"
EndProject
Project("{FAE04EC0-301F-11D3-BF4B-00C04F79EFBC}") = "Unity.TextMeshPro.Editor", "Unity.TextMeshPro.Editor.csproj", "{D007A6CD-00FC-DD59-5C77-D8E868E3F697}"
EndProject
Project("{FAE04EC0-301F-11D3-BF4B-00C04F79EFBC}") = "Unity.VisualScripting.Flow", "Unity.VisualScripting.Flow.csproj", "{6CBE938C-8F74-D238-D9F5-CCF1D49C56C0}"
EndProject
Project("{FAE04EC0-301F-11D3-BF4B-00C04F79EFBC}") = "UnityEditor.UI", "UnityEditor.UI.csproj", "{72751C66-32FF-F959-195B-71A20476CEE5}"
EndProject
Project("{FAE04EC0-301F-11D3-BF4B-00C04F79EFBC}") = "Unity.PlasticSCM.Editor", "Unity.PlasticSCM.Editor.csproj", "{BA5181C2-2C05-8178-C2FB-5D44CD0A773C}"
EndProject
Project("{FAE04EC0-301F-11D3-BF4B-00C04F79EFBC}") = "Unity.VisualScripting.Core", "Unity.VisualScripting.Core.csproj", "{8BDF2AB8-5D0B-7A8E-AD57-4EFBFC005692}"
EndProject
Project("{FAE04EC0-301F-11D3-BF4B-00C04F79EFBC}") = "Unity.VisualScripting.Core.Editor", "Unity.VisualScripting.Core.Editor.csproj", "{D5564E47-5859-233E-5C94-2E7010D02364}"
EndProject
Project("{FAE04EC0-301F-11D3-BF4B-00C04F79EFBC}") = "Unity.VisualScripting.Flow.Editor", "Unity.VisualScripting.Flow.Editor.csproj", "{C899D630-C0E2-5108-6381-23EBF0BEFCC7}"
EndProject
Project("{FAE04EC0-301F-11D3-BF4B-00C04F79EFBC}") = "UnityEditor.TestRunner", "UnityEditor.TestRunner.csproj", "{96D7FB11-C424-964E-B270-E240D30CA0FE}"
EndProject
Project("{FAE04EC0-301F-11D3-BF4B-00C04F79EFBC}") = "Unity.VisualScripting.SettingsProvider.Editor", "Unity.VisualScripting.SettingsProvider.Editor.csproj", "{F84ECE5E-EA0F-EC7E-9198-0D21887BDA7D}"
EndProject
Project("{FAE04EC0-301F-11D3-BF4B-00C04F79EFBC}") = "UnityEngine.TestRunner", "UnityEngine.TestRunner.csproj", "{1F76596C-E6BD-E05A-3BF8-54E7359449D8}"
EndProject
Project("{FAE04EC0-301F-11D3-BF4B-00C04F79EFBC}") = "UnityEngine.UI", "UnityEngine.UI.csproj", "{138F5EDB-9959-BA36-528A-2F7E7BCC3B37}"
EndProject
Project("{FAE04EC0-301F-11D3-BF4B-00C04F79EFBC}") = "Unity.VisualStudio.Editor", "Unity.VisualStudio.Editor.csproj", "{E1F0FEFC-441A-C950-D23E-0AD54865A92D}"
EndProject
Project("{FAE04EC0-301F-11D3-BF4B-00C04F79EFBC}") = "Unity.TestTools.CodeCoverage.Editor.OpenCover.Model", "Unity.TestTools.CodeCoverage.Editor.OpenCover.Model.csproj", "{D27CCBCA-4544-8CA8-B065-623C28AD5F44}"
EndProject
Project("{FAE04EC0-301F-11D3-BF4B-00C04F79EFBC}") = "Unity.Rider.Editor", "Unity.Rider.Editor.csproj", "{F663020D-F667-87AA-E092-2A48406D7B5A}"
EndProject
Project("{FAE04EC0-301F-11D3-BF4B-00C04F79EFBC}") = "Unity.VisualScripting.State.Editor", "Unity.VisualScripting.State.Editor.csproj", "{AB337E17-23B3-AC09-8945-771BD686DAB0}"
EndProject
Project("{FAE04EC0-301F-11D3-BF4B-00C04F79EFBC}") = "Unity.TestTools.CodeCoverage.Editor", "Unity.TestTools.CodeCoverage.Editor.csproj", "{CF8FB66F-F8CE-05CD-517B-564CAD790550}"
EndProject
Project("{FAE04EC0-301F-11D3-BF4B-00C04F79EFBC}") = "Unity.VisualScripting.State", "Unity.VisualScripting.State.csproj", "{81DA62C9-2A8E-9320-70C8-A14CC1CFC5E9}"
EndProject
Project("{FAE04EC0-301F-11D3-BF4B-00C04F79EFBC}") = "Unity.TextMeshPro", "Unity.TextMeshPro.csproj", "{DA2CD6E1-68F6-8971-5854-7AB07CF0FAEF}"
EndProject
Project("{FAE04EC0-301F-11D3-BF4B-00C04F79EFBC}") = "Unity.Performance.Profile-Analyzer.Editor", "Unity.Performance.Profile-Analyzer.Editor.csproj", "{A2CB1E57-6007-22C8-6F3C-B7B47C2CE7FD}"
EndProject
Project("{FAE04EC0-301F-11D3-BF4B-00C04F79EFBC}") = "Unity.VSCode.Editor", "Unity.VSCode.Editor.csproj", "{5BB1219F-5BB1-0F68-E65D-F14FDBC3501B}"
EndProject
Project("{FAE04EC0-301F-11D3-BF4B-00C04F79EFBC}") = "Unity.TestTools.CodeCoverage.Editor.OpenCover.Mono.Reflection", "Unity.TestTools.CodeCoverage.Editor.OpenCover.Mono.Reflection.csproj", "{F63329B0-81F1-56EA-CE63-34DE07333FB4}"
EndProject
Project("{FAE04EC0-301F-11D3-BF4B-00C04F79EFBC}") = "Unity.Settings.Editor", "Unity.Settings.Editor.csproj", "{88BCC5B1-E6D0-9841-BEC6-DC6D55ACC32A}"
EndProject
Project("{FAE04EC0-301F-11D3-BF4B-00C04F79EFBC}") = "Unity.EditorCoroutines.Editor", "Unity.EditorCoroutines.Editor.csproj", "{81EAD01A-B508-472D-CEB9-49354FF79525}"
EndProject
Project("{FAE04EC0-301F-11D3-BF4B-00C04F79EFBC}") = "Unity.VisualScripting.Shared.Editor", "Unity.VisualScripting.Shared.Editor.csproj", "{8FC7E0D0-3F92-3D83-0196-ADF47EB564FD}"
EndProject
Project("{FAE04EC0-301F-11D3-BF4B-00C04F79EFBC}") = "Assembly-CSharp", "Assembly-CSharp.csproj", "{47DF9646-E28C-CF5B-6C0D-CE75E67E60A4}"
EndProject
Project("{FAE04EC0-301F-11D3-BF4B-00C04F79EFBC}") = "Unity.CollabProxy.Editor", "Unity.CollabProxy.Editor.csproj", "{E44927FE-FA84-D5F9-2E6F-7423EB2A740C}"
EndProject
Global
	GlobalSection(SolutionConfigurationPlatforms) = preSolution
		Debug|Any CPU = Debug|Any CPU
		Release|Any CPU = Release|Any CPU
	EndGlobalSection
	GlobalSection(ProjectConfigurationPlatforms) = postSolution
		{236E305C-7475-F71F-A0F3-165C727D566B}.Debug|Any CPU.ActiveCfg = Debug|Any CPU
		{236E305C-7475-F71F-A0F3-165C727D566B}.Debug|Any CPU.Build.0 = Debug|Any CPU
		{236E305C-7475-F71F-A0F3-165C727D566B}.Release|Any CPU.ActiveCfg = Release|Any CPU
		{236E305C-7475-F71F-A0F3-165C727D566B}.Release|Any CPU.Build.0 = Release|Any CPU
		{D248F1F6-2F2A-A6B8-3515-F620E2B6D09A}.Debug|Any CPU.ActiveCfg = Debug|Any CPU
		{D248F1F6-2F2A-A6B8-3515-F620E2B6D09A}.Debug|Any CPU.Build.0 = Debug|Any CPU
		{D248F1F6-2F2A-A6B8-3515-F620E2B6D09A}.Release|Any CPU.ActiveCfg = Release|Any CPU
		{D248F1F6-2F2A-A6B8-3515-F620E2B6D09A}.Release|Any CPU.Build.0 = Release|Any CPU
		{D007A6CD-00FC-DD59-5C77-D8E868E3F697}.Debug|Any CPU.ActiveCfg = Debug|Any CPU
		{D007A6CD-00FC-DD59-5C77-D8E868E3F697}.Debug|Any CPU.Build.0 = Debug|Any CPU
		{D007A6CD-00FC-DD59-5C77-D8E868E3F697}.Release|Any CPU.ActiveCfg = Release|Any CPU
		{D007A6CD-00FC-DD59-5C77-D8E868E3F697}.Release|Any CPU.Build.0 = Release|Any CPU
		{6CBE938C-8F74-D238-D9F5-CCF1D49C56C0}.Debug|Any CPU.ActiveCfg = Debug|Any CPU
		{6CBE938C-8F74-D238-D9F5-CCF1D49C56C0}.Debug|Any CPU.Build.0 = Debug|Any CPU
		{6CBE938C-8F74-D238-D9F5-CCF1D49C56C0}.Release|Any CPU.ActiveCfg = Release|Any CPU
		{6CBE938C-8F74-D238-D9F5-CCF1D49C56C0}.Release|Any CPU.Build.0 = Release|Any CPU
		{72751C66-32FF-F959-195B-71A20476CEE5}.Debug|Any CPU.ActiveCfg = Debug|Any CPU
		{72751C66-32FF-F959-195B-71A20476CEE5}.Debug|Any CPU.Build.0 = Debug|Any CPU
		{72751C66-32FF-F959-195B-71A20476CEE5}.Release|Any CPU.ActiveCfg = Release|Any CPU
		{72751C66-32FF-F959-195B-71A20476CEE5}.Release|Any CPU.Build.0 = Release|Any CPU
		{BA5181C2-2C05-8178-C2FB-5D44CD0A773C}.Debug|Any CPU.ActiveCfg = Debug|Any CPU
		{BA5181C2-2C05-8178-C2FB-5D44CD0A773C}.Debug|Any CPU.Build.0 = Debug|Any CPU
		{BA5181C2-2C05-8178-C2FB-5D44CD0A773C}.Release|Any CPU.ActiveCfg = Release|Any CPU
		{BA5181C2-2C05-8178-C2FB-5D44CD0A773C}.Release|Any CPU.Build.0 = Release|Any CPU
		{8BDF2AB8-5D0B-7A8E-AD57-4EFBFC005692}.Debug|Any CPU.ActiveCfg = Debug|Any CPU
		{8BDF2AB8-5D0B-7A8E-AD57-4EFBFC005692}.Debug|Any CPU.Build.0 = Debug|Any CPU
		{8BDF2AB8-5D0B-7A8E-AD57-4EFBFC005692}.Release|Any CPU.ActiveCfg = Release|Any CPU
		{8BDF2AB8-5D0B-7A8E-AD57-4EFBFC005692}.Release|Any CPU.Build.0 = Release|Any CPU
		{D5564E47-5859-233E-5C94-2E7010D02364}.Debug|Any CPU.ActiveCfg = Debug|Any CPU
		{D5564E47-5859-233E-5C94-2E7010D02364}.Debug|Any CPU.Build.0 = Debug|Any CPU
		{D5564E47-5859-233E-5C94-2E7010D02364}.Release|Any CPU.ActiveCfg = Release|Any CPU
		{D5564E47-5859-233E-5C94-2E7010D02364}.Release|Any CPU.Build.0 = Release|Any CPU
		{C899D630-C0E2-5108-6381-23EBF0BEFCC7}.Debug|Any CPU.ActiveCfg = Debug|Any CPU
		{C899D630-C0E2-5108-6381-23EBF0BEFCC7}.Debug|Any CPU.Build.0 = Debug|Any CPU
		{C899D630-C0E2-5108-6381-23EBF0BEFCC7}.Release|Any CPU.ActiveCfg = Release|Any CPU
		{C899D630-C0E2-5108-6381-23EBF0BEFCC7}.Release|Any CPU.Build.0 = Release|Any CPU
		{96D7FB11-C424-964E-B270-E240D30CA0FE}.Debug|Any CPU.ActiveCfg = Debug|Any CPU
		{96D7FB11-C424-964E-B270-E240D30CA0FE}.Debug|Any CPU.Build.0 = Debug|Any CPU
		{96D7FB11-C424-964E-B270-E240D30CA0FE}.Release|Any CPU.ActiveCfg = Release|Any CPU
		{96D7FB11-C424-964E-B270-E240D30CA0FE}.Release|Any CPU.Build.0 = Release|Any CPU
		{F84ECE5E-EA0F-EC7E-9198-0D21887BDA7D}.Debug|Any CPU.ActiveCfg = Debug|Any CPU
		{F84ECE5E-EA0F-EC7E-9198-0D21887BDA7D}.Debug|Any CPU.Build.0 = Debug|Any CPU
		{F84ECE5E-EA0F-EC7E-9198-0D21887BDA7D}.Release|Any CPU.ActiveCfg = Release|Any CPU
		{F84ECE5E-EA0F-EC7E-9198-0D21887BDA7D}.Release|Any CPU.Build.0 = Release|Any CPU
		{1F76596C-E6BD-E05A-3BF8-54E7359449D8}.Debug|Any CPU.ActiveCfg = Debug|Any CPU
		{1F76596C-E6BD-E05A-3BF8-54E7359449D8}.Debug|Any CPU.Build.0 = Debug|Any CPU
		{1F76596C-E6BD-E05A-3BF8-54E7359449D8}.Release|Any CPU.ActiveCfg = Release|Any CPU
		{1F76596C-E6BD-E05A-3BF8-54E7359449D8}.Release|Any CPU.Build.0 = Release|Any CPU
		{138F5EDB-9959-BA36-528A-2F7E7BCC3B37}.Debug|Any CPU.ActiveCfg = Debug|Any CPU
		{138F5EDB-9959-BA36-528A-2F7E7BCC3B37}.Debug|Any CPU.Build.0 = Debug|Any CPU
		{138F5EDB-9959-BA36-528A-2F7E7BCC3B37}.Release|Any CPU.ActiveCfg = Release|Any CPU
		{138F5EDB-9959-BA36-528A-2F7E7BCC3B37}.Release|Any CPU.Build.0 = Release|Any CPU
		{E1F0FEFC-441A-C950-D23E-0AD54865A92D}.Debug|Any CPU.ActiveCfg = Debug|Any CPU
		{E1F0FEFC-441A-C950-D23E-0AD54865A92D}.Debug|Any CPU.Build.0 = Debug|Any CPU
		{E1F0FEFC-441A-C950-D23E-0AD54865A92D}.Release|Any CPU.ActiveCfg = Release|Any CPU
		{E1F0FEFC-441A-C950-D23E-0AD54865A92D}.Release|Any CPU.Build.0 = Release|Any CPU
		{D27CCBCA-4544-8CA8-B065-623C28AD5F44}.Debug|Any CPU.ActiveCfg = Debug|Any CPU
		{D27CCBCA-4544-8CA8-B065-623C28AD5F44}.Debug|Any CPU.Build.0 = Debug|Any CPU
		{D27CCBCA-4544-8CA8-B065-623C28AD5F44}.Release|Any CPU.ActiveCfg = Release|Any CPU
		{D27CCBCA-4544-8CA8-B065-623C28AD5F44}.Release|Any CPU.Build.0 = Release|Any CPU
		{F663020D-F667-87AA-E092-2A48406D7B5A}.Debug|Any CPU.ActiveCfg = Debug|Any CPU
		{F663020D-F667-87AA-E092-2A48406D7B5A}.Debug|Any CPU.Build.0 = Debug|Any CPU
		{F663020D-F667-87AA-E092-2A48406D7B5A}.Release|Any CPU.ActiveCfg = Release|Any CPU
		{F663020D-F667-87AA-E092-2A48406D7B5A}.Release|Any CPU.Build.0 = Release|Any CPU
		{AB337E17-23B3-AC09-8945-771BD686DAB0}.Debug|Any CPU.ActiveCfg = Debug|Any CPU
		{AB337E17-23B3-AC09-8945-771BD686DAB0}.Debug|Any CPU.Build.0 = Debug|Any CPU
		{AB337E17-23B3-AC09-8945-771BD686DAB0}.Release|Any CPU.ActiveCfg = Release|Any CPU
		{AB337E17-23B3-AC09-8945-771BD686DAB0}.Release|Any CPU.Build.0 = Release|Any CPU
		{CF8FB66F-F8CE-05CD-517B-564CAD790550}.Debug|Any CPU.ActiveCfg = Debug|Any CPU
		{CF8FB66F-F8CE-05CD-517B-564CAD790550}.Debug|Any CPU.Build.0 = Debug|Any CPU
		{CF8FB66F-F8CE-05CD-517B-564CAD790550}.Release|Any CPU.ActiveCfg = Release|Any CPU
		{CF8FB66F-F8CE-05CD-517B-564CAD790550}.Release|Any CPU.Build.0 = Release|Any CPU
		{81DA62C9-2A8E-9320-70C8-A14CC1CFC5E9}.Debug|Any CPU.ActiveCfg = Debug|Any CPU
		{81DA62C9-2A8E-9320-70C8-A14CC1CFC5E9}.Debug|Any CPU.Build.0 = Debug|Any CPU
		{81DA62C9-2A8E-9320-70C8-A14CC1CFC5E9}.Release|Any CPU.ActiveCfg = Release|Any CPU
		{81DA62C9-2A8E-9320-70C8-A14CC1CFC5E9}.Release|Any CPU.Build.0 = Release|Any CPU
		{DA2CD6E1-68F6-8971-5854-7AB07CF0FAEF}.Debug|Any CPU.ActiveCfg = Debug|Any CPU
		{DA2CD6E1-68F6-8971-5854-7AB07CF0FAEF}.Debug|Any CPU.Build.0 = Debug|Any CPU
		{DA2CD6E1-68F6-8971-5854-7AB07CF0FAEF}.Release|Any CPU.ActiveCfg = Release|Any CPU
		{DA2CD6E1-68F6-8971-5854-7AB07CF0FAEF}.Release|Any CPU.Build.0 = Release|Any CPU
		{A2CB1E57-6007-22C8-6F3C-B7B47C2CE7FD}.Debug|Any CPU.ActiveCfg = Debug|Any CPU
		{A2CB1E57-6007-22C8-6F3C-B7B47C2CE7FD}.Debug|Any CPU.Build.0 = Debug|Any CPU
		{A2CB1E57-6007-22C8-6F3C-B7B47C2CE7FD}.Release|Any CPU.ActiveCfg = Release|Any CPU
		{A2CB1E57-6007-22C8-6F3C-B7B47C2CE7FD}.Release|Any CPU.Build.0 = Release|Any CPU
		{5BB1219F-5BB1-0F68-E65D-F14FDBC3501B}.Debug|Any CPU.ActiveCfg = Debug|Any CPU
		{5BB1219F-5BB1-0F68-E65D-F14FDBC3501B}.Debug|Any CPU.Build.0 = Debug|Any CPU
		{5BB1219F-5BB1-0F68-E65D-F14FDBC3501B}.Release|Any CPU.ActiveCfg = Release|Any CPU
		{5BB1219F-5BB1-0F68-E65D-F14FDBC3501B}.Release|Any CPU.Build.0 = Release|Any CPU
		{F63329B0-81F1-56EA-CE63-34DE07333FB4}.Debug|Any CPU.ActiveCfg = Debug|Any CPU
		{F63329B0-81F1-56EA-CE63-34DE07333FB4}.Debug|Any CPU.Build.0 = Debug|Any CPU
		{F63329B0-81F1-56EA-CE63-34DE07333FB4}.Release|Any CPU.ActiveCfg = Release|Any CPU
		{F63329B0-81F1-56EA-CE63-34DE07333FB4}.Release|Any CPU.Build.0 = Release|Any CPU
		{88BCC5B1-E6D0-9841-BEC6-DC6D55ACC32A}.Debug|Any CPU.ActiveCfg = Debug|Any CPU
		{88BCC5B1-E6D0-9841-BEC6-DC6D55ACC32A}.Debug|Any CPU.Build.0 = Debug|Any CPU
		{88BCC5B1-E6D0-9841-BEC6-DC6D55ACC32A}.Release|Any CPU.ActiveCfg = Release|Any CPU
		{88BCC5B1-E6D0-9841-BEC6-DC6D55ACC32A}.Release|Any CPU.Build.0 = Release|Any CPU
		{81EAD01A-B508-472D-CEB9-49354FF79525}.Debug|Any CPU.ActiveCfg = Debug|Any CPU
		{81EAD01A-B508-472D-CEB9-49354FF79525}.Debug|Any CPU.Build.0 = Debug|Any CPU
		{81EAD01A-B508-472D-CEB9-49354FF79525}.Release|Any CPU.ActiveCfg = Release|Any CPU
		{81EAD01A-B508-472D-CEB9-49354FF79525}.Release|Any CPU.Build.0 = Release|Any CPU
		{8FC7E0D0-3F92-3D83-0196-ADF47EB564FD}.Debug|Any CPU.ActiveCfg = Debug|Any CPU
		{8FC7E0D0-3F92-3D83-0196-ADF47EB564FD}.Debug|Any CPU.Build.0 = Debug|Any CPU
		{8FC7E0D0-3F92-3D83-0196-ADF47EB564FD}.Release|Any CPU.ActiveCfg = Release|Any CPU
		{8FC7E0D0-3F92-3D83-0196-ADF47EB564FD}.Release|Any CPU.Build.0 = Release|Any CPU
		{47DF9646-E28C-CF5B-6C0D-CE75E67E60A4}.Debug|Any CPU.ActiveCfg = Debug|Any CPU
		{47DF9646-E28C-CF5B-6C0D-CE75E67E60A4}.Debug|Any CPU.Build.0 = Debug|Any CPU
		{47DF9646-E28C-CF5B-6C0D-CE75E67E60A4}.Release|Any CPU.ActiveCfg = Release|Any CPU
		{47DF9646-E28C-CF5B-6C0D-CE75E67E60A4}.Release|Any CPU.Build.0 = Release|Any CPU
		{E44927FE-FA84-D5F9-2E6F-7423EB2A740C}.Debug|Any CPU.ActiveCfg = Debug|Any CPU
		{E44927FE-FA84-D5F9-2E6F-7423EB2A740C}.Debug|Any CPU.Build.0 = Debug|Any CPU
		{E44927FE-FA84-D5F9-2E6F-7423EB2A740C}.Release|Any CPU.ActiveCfg = Release|Any CPU
		{E44927FE-FA84-D5F9-2E6F-7423EB2A740C}.Release|Any CPU.Build.0 = Release|Any CPU
	EndGlobalSection
	GlobalSection(SolutionProperties) = preSolution
		HideSolutionNode = FALSE
	EndGlobalSection
EndGlobal
